// !$*UTF8*$!
{
	archiveVersion = 1;
	classes = {
	};
	objectVersion = 56;
	objects = {

/* Begin PBXBuildFile section */
		5D4A9F9B2AF1DEAE00EB41FD /* Settings.swift in Sources */ = {isa = PBXBuildFile; fileRef = 5D4A9F9A2AF1DEAE00EB41FD /* Settings.swift */; };
		78B5EF3C2ACCA46800A8B985 /* CheapSkateApp.swift in Sources */ = {isa = PBXBuildFile; fileRef = 78B5EF3B2ACCA46800A8B985 /* CheapSkateApp.swift */; };
		78B5EF402ACCA46A00A8B985 /* Assets.xcassets in Resources */ = {isa = PBXBuildFile; fileRef = 78B5EF3F2ACCA46A00A8B985 /* Assets.xcassets */; };
		78B5EF432ACCA46A00A8B985 /* Preview Assets.xcassets in Resources */ = {isa = PBXBuildFile; fileRef = 78B5EF422ACCA46A00A8B985 /* Preview Assets.xcassets */; };
		78B74A9C2AD65550007DC567 /* FirebaseAnalytics in Frameworks */ = {isa = PBXBuildFile; productRef = 78B74A9B2AD65550007DC567 /* FirebaseAnalytics */; };
		78B74A9E2AD65550007DC567 /* FirebaseAnalyticsSwift in Frameworks */ = {isa = PBXBuildFile; productRef = 78B74A9D2AD65550007DC567 /* FirebaseAnalyticsSwift */; };
		78B74AA02AD65550007DC567 /* FirebaseAuth in Frameworks */ = {isa = PBXBuildFile; productRef = 78B74A9F2AD65550007DC567 /* FirebaseAuth */; };
		78B74AA22AD65550007DC567 /* FirebaseFirestore in Frameworks */ = {isa = PBXBuildFile; productRef = 78B74AA12AD65550007DC567 /* FirebaseFirestore */; };
		78E74A6D2AF1773700BAEB54 /* HeadlinesPreview.swift in Sources */ = {isa = PBXBuildFile; fileRef = 78E74A6C2AF1773700BAEB54 /* HeadlinesPreview.swift */; };
		78E74A6F2AF178F600BAEB54 /* ColorExt.swift in Sources */ = {isa = PBXBuildFile; fileRef = 78E74A6E2AF178F600BAEB54 /* ColorExt.swift */; };
		78E74A712AF1793900BAEB54 /* HomePageHeader.swift in Sources */ = {isa = PBXBuildFile; fileRef = 78E74A702AF1793900BAEB54 /* HomePageHeader.swift */; };
		78E74A732AF1797000BAEB54 /* MainTabView.swift in Sources */ = {isa = PBXBuildFile; fileRef = 78E74A722AF1797000BAEB54 /* MainTabView.swift */; };
		78E74A752AF179B300BAEB54 /* HomeView.swift in Sources */ = {isa = PBXBuildFile; fileRef = 78E74A742AF179B300BAEB54 /* HomeView.swift */; };
		78E74A7B2AF17C9900BAEB54 /* AnalyticsView.swift in Sources */ = {isa = PBXBuildFile; fileRef = 78E74A7A2AF17C9900BAEB54 /* AnalyticsView.swift */; };
		78E74A7D2AF17CB600BAEB54 /* QuizView.swift in Sources */ = {isa = PBXBuildFile; fileRef = 78E74A7C2AF17CB600BAEB54 /* QuizView.swift */; };
		78E74A7F2AF17CCC00BAEB54 /* ArticlesView.swift in Sources */ = {isa = PBXBuildFile; fileRef = 78E74A7E2AF17CCC00BAEB54 /* ArticlesView.swift */; };
		78E74A812AF18B0B00BAEB54 /* AnalyticsPreview.swift in Sources */ = {isa = PBXBuildFile; fileRef = 78E74A802AF18B0B00BAEB54 /* AnalyticsPreview.swift */; };
		78FF37AB2AD64AFC00A1ACF5 /* GoogleService-Info.plist in Resources */ = {isa = PBXBuildFile; fileRef = 78FF37AA2AD64AFC00A1ACF5 /* GoogleService-Info.plist */; };
		7F4357022AF196CA001D2C32 /* LoginView.swift in Sources */ = {isa = PBXBuildFile; fileRef = 7F4357012AF196CA001D2C32 /* LoginView.swift */; };
		7F884A772AF03B2600C4CF0B /* PasswordResetView.swift in Sources */ = {isa = PBXBuildFile; fileRef = 7F884A762AF03B2600C4CF0B /* PasswordResetView.swift */; };
		CE37874F2AF1B5F700B1E32A /* SignUpView.swift in Sources */ = {isa = PBXBuildFile; fileRef = CE37874E2AF1B5F700B1E32A /* SignUpView.swift */; };
		CE3787512AF1B66100B1E32A /* ContentView.swift in Sources */ = {isa = PBXBuildFile; fileRef = CE3787502AF1B66100B1E32A /* ContentView.swift */; };
		CE7347BA2B0B09BE008E28E1 /* ArticleService.swift in Sources */ = {isa = PBXBuildFile; fileRef = CE7347B92B0B09BE008E28E1 /* ArticleService.swift */; };
		CE7347C22B0B19A7008E28E1 /* ArticleModelController.swift in Sources */ = {isa = PBXBuildFile; fileRef = CE7347C12B0B19A7008E28E1 /* ArticleModelController.swift */; };
		CECF520B2AFD430E00DC4AEA /* ArticlePreview.swift in Sources */ = {isa = PBXBuildFile; fileRef = CECF520A2AFD430E00DC4AEA /* ArticlePreview.swift */; };
		CECF520D2AFD458C00DC4AEA /* ArticlePage.swift in Sources */ = {isa = PBXBuildFile; fileRef = CECF520C2AFD458C00DC4AEA /* ArticlePage.swift */; };
/* End PBXBuildFile section */

/* Begin PBXFileReference section */
		5D4A9F9A2AF1DEAE00EB41FD /* Settings.swift */ = {isa = PBXFileReference; lastKnownFileType = sourcecode.swift; path = Settings.swift; sourceTree = "<group>"; };
		78B5EF382ACCA46800A8B985 /* CheapSkate.app */ = {isa = PBXFileReference; explicitFileType = wrapper.application; includeInIndex = 0; path = CheapSkate.app; sourceTree = BUILT_PRODUCTS_DIR; };
		78B5EF3B2ACCA46800A8B985 /* CheapSkateApp.swift */ = {isa = PBXFileReference; lastKnownFileType = sourcecode.swift; path = CheapSkateApp.swift; sourceTree = "<group>"; };
		78B5EF3F2ACCA46A00A8B985 /* Assets.xcassets */ = {isa = PBXFileReference; lastKnownFileType = folder.assetcatalog; path = Assets.xcassets; sourceTree = "<group>"; };
		78B5EF422ACCA46A00A8B985 /* Preview Assets.xcassets */ = {isa = PBXFileReference; lastKnownFileType = folder.assetcatalog; path = "Preview Assets.xcassets"; sourceTree = "<group>"; };
		78E74A6C2AF1773700BAEB54 /* HeadlinesPreview.swift */ = {isa = PBXFileReference; lastKnownFileType = sourcecode.swift; path = HeadlinesPreview.swift; sourceTree = "<group>"; };
		78E74A6E2AF178F600BAEB54 /* ColorExt.swift */ = {isa = PBXFileReference; lastKnownFileType = sourcecode.swift; path = ColorExt.swift; sourceTree = "<group>"; };
		78E74A702AF1793900BAEB54 /* HomePageHeader.swift */ = {isa = PBXFileReference; lastKnownFileType = sourcecode.swift; path = HomePageHeader.swift; sourceTree = "<group>"; };
		78E74A722AF1797000BAEB54 /* MainTabView.swift */ = {isa = PBXFileReference; lastKnownFileType = sourcecode.swift; path = MainTabView.swift; sourceTree = "<group>"; };
		78E74A742AF179B300BAEB54 /* HomeView.swift */ = {isa = PBXFileReference; lastKnownFileType = sourcecode.swift; path = HomeView.swift; sourceTree = "<group>"; };
		78E74A7A2AF17C9900BAEB54 /* AnalyticsView.swift */ = {isa = PBXFileReference; lastKnownFileType = sourcecode.swift; path = AnalyticsView.swift; sourceTree = "<group>"; };
		78E74A7C2AF17CB600BAEB54 /* QuizView.swift */ = {isa = PBXFileReference; lastKnownFileType = sourcecode.swift; path = QuizView.swift; sourceTree = "<group>"; };
		78E74A7E2AF17CCC00BAEB54 /* ArticlesView.swift */ = {isa = PBXFileReference; lastKnownFileType = sourcecode.swift; path = ArticlesView.swift; sourceTree = "<group>"; };
		78E74A802AF18B0B00BAEB54 /* AnalyticsPreview.swift */ = {isa = PBXFileReference; lastKnownFileType = sourcecode.swift; path = AnalyticsPreview.swift; sourceTree = "<group>"; };
		78FF37AA2AD64AFC00A1ACF5 /* GoogleService-Info.plist */ = {isa = PBXFileReference; fileEncoding = 4; lastKnownFileType = text.plist.xml; path = "GoogleService-Info.plist"; sourceTree = "<group>"; };
		7F4357012AF196CA001D2C32 /* LoginView.swift */ = {isa = PBXFileReference; lastKnownFileType = sourcecode.swift; path = LoginView.swift; sourceTree = "<group>"; };
		7F884A762AF03B2600C4CF0B /* PasswordResetView.swift */ = {isa = PBXFileReference; lastKnownFileType = sourcecode.swift; path = PasswordResetView.swift; sourceTree = "<group>"; };
		CE37874E2AF1B5F700B1E32A /* SignUpView.swift */ = {isa = PBXFileReference; fileEncoding = 4; lastKnownFileType = sourcecode.swift; path = SignUpView.swift; sourceTree = "<group>"; };
		CE3787502AF1B66100B1E32A /* ContentView.swift */ = {isa = PBXFileReference; fileEncoding = 4; lastKnownFileType = sourcecode.swift; path = ContentView.swift; sourceTree = "<group>"; };
		CE7347B92B0B09BE008E28E1 /* ArticleService.swift */ = {isa = PBXFileReference; lastKnownFileType = sourcecode.swift; path = ArticleService.swift; sourceTree = "<group>"; };
		CE7347C12B0B19A7008E28E1 /* ArticleModelController.swift */ = {isa = PBXFileReference; lastKnownFileType = sourcecode.swift; path = ArticleModelController.swift; sourceTree = "<group>"; };
		CECF520A2AFD430E00DC4AEA /* ArticlePreview.swift */ = {isa = PBXFileReference; lastKnownFileType = sourcecode.swift; path = ArticlePreview.swift; sourceTree = "<group>"; };
		CECF520C2AFD458C00DC4AEA /* ArticlePage.swift */ = {isa = PBXFileReference; lastKnownFileType = sourcecode.swift; path = ArticlePage.swift; sourceTree = "<group>"; };
/* End PBXFileReference section */

/* Begin PBXFrameworksBuildPhase section */
		78B5EF352ACCA46800A8B985 /* Frameworks */ = {
			isa = PBXFrameworksBuildPhase;
			buildActionMask = 2147483647;
			files = (
				78B74A9E2AD65550007DC567 /* FirebaseAnalyticsSwift in Frameworks */,
				78B74AA22AD65550007DC567 /* FirebaseFirestore in Frameworks */,
				78B74AA02AD65550007DC567 /* FirebaseAuth in Frameworks */,
				78B74A9C2AD65550007DC567 /* FirebaseAnalytics in Frameworks */,
			);
			runOnlyForDeploymentPostprocessing = 0;
		};
/* End PBXFrameworksBuildPhase section */

/* Begin PBXGroup section */
		78B5EF2F2ACCA46800A8B985 = {
			isa = PBXGroup;
			children = (
				78B5EF3A2ACCA46800A8B985 /* CheapSkate */,
				78B5EF392ACCA46800A8B985 /* Products */,
			);
			sourceTree = "<group>";
		};
		78B5EF392ACCA46800A8B985 /* Products */ = {
			isa = PBXGroup;
			children = (
				78B5EF382ACCA46800A8B985 /* CheapSkate.app */,
			);
			name = Products;
			sourceTree = "<group>";
		};
		78B5EF3A2ACCA46800A8B985 /* CheapSkate */ = {
			isa = PBXGroup;
			children = (
				CE3787502AF1B66100B1E32A /* ContentView.swift */,
				CE37874E2AF1B5F700B1E32A /* SignUpView.swift */,
				78B5EF3B2ACCA46800A8B985 /* CheapSkateApp.swift */,
				7F4357012AF196CA001D2C32 /* LoginView.swift */,
				7F884A762AF03B2600C4CF0B /* PasswordResetView.swift */,
				5D4A9F9A2AF1DEAE00EB41FD /* Settings.swift */,
				78E74A792AF17C8600BAEB54 /* Articles */,
				78E74A782AF17C6800BAEB54 /* Quizzes */,
				78E74A772AF17C4C00BAEB54 /* Analytics */,
				78E74A762AF17B9500BAEB54 /* HomePage */,
				78E74A722AF1797000BAEB54 /* MainTabView.swift */,
				78E74A6E2AF178F600BAEB54 /* ColorExt.swift */,
				78FF37AA2AD64AFC00A1ACF5 /* GoogleService-Info.plist */,
				78B5EF3F2ACCA46A00A8B985 /* Assets.xcassets */,
				78B5EF412ACCA46A00A8B985 /* Preview Content */,
			);
			path = CheapSkate;
			sourceTree = "<group>";
		};
		78B5EF412ACCA46A00A8B985 /* Preview Content */ = {
			isa = PBXGroup;
			children = (
				78B5EF422ACCA46A00A8B985 /* Preview Assets.xcassets */,
			);
			path = "Preview Content";
			sourceTree = "<group>";
		};
		78E74A762AF17B9500BAEB54 /* HomePage */ = {
			isa = PBXGroup;
			children = (
				78E74A742AF179B300BAEB54 /* HomeView.swift */,
				78E74A802AF18B0B00BAEB54 /* AnalyticsPreview.swift */,
				78E74A702AF1793900BAEB54 /* HomePageHeader.swift */,
				78E74A6C2AF1773700BAEB54 /* HeadlinesPreview.swift */,
			);
			path = HomePage;
			sourceTree = "<group>";
		};
		78E74A772AF17C4C00BAEB54 /* Analytics */ = {
			isa = PBXGroup;
			children = (
				78E74A7A2AF17C9900BAEB54 /* AnalyticsView.swift */,
			);
			path = Analytics;
			sourceTree = "<group>";
		};
		78E74A782AF17C6800BAEB54 /* Quizzes */ = {
			isa = PBXGroup;
			children = (
				78E74A7C2AF17CB600BAEB54 /* QuizView.swift */,
			);
			path = Quizzes;
			sourceTree = "<group>";
		};
		78E74A792AF17C8600BAEB54 /* Articles */ = {
			isa = PBXGroup;
			children = (
				78E74A7E2AF17CCC00BAEB54 /* ArticlesView.swift */,
				CECF520A2AFD430E00DC4AEA /* ArticlePreview.swift */,
				CECF520C2AFD458C00DC4AEA /* ArticlePage.swift */,
				CE7347B92B0B09BE008E28E1 /* ArticleService.swift */,
				CE7347C12B0B19A7008E28E1 /* ArticleModelController.swift */,
			);
			path = Articles;
			sourceTree = "<group>";
		};
/* End PBXGroup section */

/* Begin PBXNativeTarget section */
		78B5EF372ACCA46800A8B985 /* CheapSkate */ = {
			isa = PBXNativeTarget;
			buildConfigurationList = 78B5EF462ACCA46A00A8B985 /* Build configuration list for PBXNativeTarget "CheapSkate" */;
			buildPhases = (
				78B5EF342ACCA46800A8B985 /* Sources */,
				78B5EF352ACCA46800A8B985 /* Frameworks */,
				78B5EF362ACCA46800A8B985 /* Resources */,
			);
			buildRules = (
			);
			dependencies = (
			);
			name = CheapSkate;
			packageProductDependencies = (
				78B74A9B2AD65550007DC567 /* FirebaseAnalytics */,
				78B74A9D2AD65550007DC567 /* FirebaseAnalyticsSwift */,
				78B74A9F2AD65550007DC567 /* FirebaseAuth */,
				78B74AA12AD65550007DC567 /* FirebaseFirestore */,
			);
			productName = CheapSkate;
			productReference = 78B5EF382ACCA46800A8B985 /* CheapSkate.app */;
			productType = "com.apple.product-type.application";
		};
/* End PBXNativeTarget section */

/* Begin PBXProject section */
		78B5EF302ACCA46800A8B985 /* Project object */ = {
			isa = PBXProject;
			attributes = {
				BuildIndependentTargetsInParallel = 1;
				LastSwiftUpdateCheck = 1430;
				LastUpgradeCheck = 1500;
				TargetAttributes = {
					78B5EF372ACCA46800A8B985 = {
						CreatedOnToolsVersion = 14.3.1;
					};
				};
			};
			buildConfigurationList = 78B5EF332ACCA46800A8B985 /* Build configuration list for PBXProject "CheapSkate" */;
			compatibilityVersion = "Xcode 14.0";
			developmentRegion = en;
			hasScannedForEncodings = 0;
			knownRegions = (
				en,
				Base,
			);
			mainGroup = 78B5EF2F2ACCA46800A8B985;
			packageReferences = (
				78B74A9A2AD65550007DC567 /* XCRemoteSwiftPackageReference "firebase-ios-sdk" */,
			);
			productRefGroup = 78B5EF392ACCA46800A8B985 /* Products */;
			projectDirPath = "";
			projectRoot = "";
			targets = (
				78B5EF372ACCA46800A8B985 /* CheapSkate */,
			);
		};
/* End PBXProject section */

/* Begin PBXResourcesBuildPhase section */
		78B5EF362ACCA46800A8B985 /* Resources */ = {
			isa = PBXResourcesBuildPhase;
			buildActionMask = 2147483647;
			files = (
				78FF37AB2AD64AFC00A1ACF5 /* GoogleService-Info.plist in Resources */,
				78B5EF432ACCA46A00A8B985 /* Preview Assets.xcassets in Resources */,
				78B5EF402ACCA46A00A8B985 /* Assets.xcassets in Resources */,
			);
			runOnlyForDeploymentPostprocessing = 0;
		};
/* End PBXResourcesBuildPhase section */

/* Begin PBXSourcesBuildPhase section */
		78B5EF342ACCA46800A8B985 /* Sources */ = {
			isa = PBXSourcesBuildPhase;
			buildActionMask = 2147483647;
			files = (
				7F884A772AF03B2600C4CF0B /* PasswordResetView.swift in Sources */,
				CE37874F2AF1B5F700B1E32A /* SignUpView.swift in Sources */,
				CE3787512AF1B66100B1E32A /* ContentView.swift in Sources */,
				7F4357022AF196CA001D2C32 /* LoginView.swift in Sources */,
				78E74A752AF179B300BAEB54 /* HomeView.swift in Sources */,
				CECF520D2AFD458C00DC4AEA /* ArticlePage.swift in Sources */,
				CECF520B2AFD430E00DC4AEA /* ArticlePreview.swift in Sources */,
				78E74A7D2AF17CB600BAEB54 /* QuizView.swift in Sources */,
				78E74A7F2AF17CCC00BAEB54 /* ArticlesView.swift in Sources */,
				78E74A6F2AF178F600BAEB54 /* ColorExt.swift in Sources */,
				78E74A7B2AF17C9900BAEB54 /* AnalyticsView.swift in Sources */,
				CE7347C22B0B19A7008E28E1 /* ArticleModelController.swift in Sources */,
				78E74A712AF1793900BAEB54 /* HomePageHeader.swift in Sources */,
				5D4A9F9B2AF1DEAE00EB41FD /* Settings.swift in Sources */,
				78E74A732AF1797000BAEB54 /* MainTabView.swift in Sources */,
				CE7347BA2B0B09BE008E28E1 /* ArticleService.swift in Sources */,
				78B5EF3C2ACCA46800A8B985 /* CheapSkateApp.swift in Sources */,
				78E74A6D2AF1773700BAEB54 /* HeadlinesPreview.swift in Sources */,
				78E74A812AF18B0B00BAEB54 /* AnalyticsPreview.swift in Sources */,
			);
			runOnlyForDeploymentPostprocessing = 0;
		};
/* End PBXSourcesBuildPhase section */

/* Begin XCBuildConfiguration section */
		78B5EF442ACCA46A00A8B985 /* Debug */ = {
			isa = XCBuildConfiguration;
			buildSettings = {
				ALWAYS_SEARCH_USER_PATHS = NO;
				CLANG_ANALYZER_NONNULL = YES;
				CLANG_ANALYZER_NUMBER_OBJECT_CONVERSION = YES_AGGRESSIVE;
				CLANG_CXX_LANGUAGE_STANDARD = "gnu++20";
				CLANG_ENABLE_MODULES = YES;
				CLANG_ENABLE_OBJC_ARC = YES;
				CLANG_ENABLE_OBJC_WEAK = YES;
				CLANG_WARN_BLOCK_CAPTURE_AUTORELEASING = YES;
				CLANG_WARN_BOOL_CONVERSION = YES;
				CLANG_WARN_COMMA = YES;
				CLANG_WARN_CONSTANT_CONVERSION = YES;
				CLANG_WARN_DEPRECATED_OBJC_IMPLEMENTATIONS = YES;
				CLANG_WARN_DIRECT_OBJC_ISA_USAGE = YES_ERROR;
				CLANG_WARN_DOCUMENTATION_COMMENTS = YES;
				CLANG_WARN_EMPTY_BODY = YES;
				CLANG_WARN_ENUM_CONVERSION = YES;
				CLANG_WARN_INFINITE_RECURSION = YES;
				CLANG_WARN_INT_CONVERSION = YES;
				CLANG_WARN_NON_LITERAL_NULL_CONVERSION = YES;
				CLANG_WARN_OBJC_IMPLICIT_RETAIN_SELF = YES;
				CLANG_WARN_OBJC_LITERAL_CONVERSION = YES;
				CLANG_WARN_OBJC_ROOT_CLASS = YES_ERROR;
				CLANG_WARN_QUOTED_INCLUDE_IN_FRAMEWORK_HEADER = YES;
				CLANG_WARN_RANGE_LOOP_ANALYSIS = YES;
				CLANG_WARN_STRICT_PROTOTYPES = YES;
				CLANG_WARN_SUSPICIOUS_MOVE = YES;
				CLANG_WARN_UNGUARDED_AVAILABILITY = YES_AGGRESSIVE;
				CLANG_WARN_UNREACHABLE_CODE = YES;
				CLANG_WARN__DUPLICATE_METHOD_MATCH = YES;
				COPY_PHASE_STRIP = NO;
				DEBUG_INFORMATION_FORMAT = dwarf;
				ENABLE_STRICT_OBJC_MSGSEND = YES;
				ENABLE_TESTABILITY = YES;
				ENABLE_USER_SCRIPT_SANDBOXING = YES;
				GCC_C_LANGUAGE_STANDARD = gnu11;
				GCC_DYNAMIC_NO_PIC = NO;
				GCC_NO_COMMON_BLOCKS = YES;
				GCC_OPTIMIZATION_LEVEL = 0;
				GCC_PREPROCESSOR_DEFINITIONS = (
					"DEBUG=1",
					"$(inherited)",
				);
				GCC_WARN_64_TO_32_BIT_CONVERSION = YES;
				GCC_WARN_ABOUT_RETURN_TYPE = YES_ERROR;
				GCC_WARN_UNDECLARED_SELECTOR = YES;
				GCC_WARN_UNINITIALIZED_AUTOS = YES_AGGRESSIVE;
				GCC_WARN_UNUSED_FUNCTION = YES;
				GCC_WARN_UNUSED_VARIABLE = YES;
				IPHONEOS_DEPLOYMENT_TARGET = 16.4;
				MTL_ENABLE_DEBUG_INFO = INCLUDE_SOURCE;
				MTL_FAST_MATH = YES;
				ONLY_ACTIVE_ARCH = YES;
				SDKROOT = iphoneos;
				SWIFT_ACTIVE_COMPILATION_CONDITIONS = DEBUG;
				SWIFT_OPTIMIZATION_LEVEL = "-Onone";
			};
			name = Debug;
		};
		78B5EF452ACCA46A00A8B985 /* Release */ = {
			isa = XCBuildConfiguration;
			buildSettings = {
				ALWAYS_SEARCH_USER_PATHS = NO;
				CLANG_ANALYZER_NONNULL = YES;
				CLANG_ANALYZER_NUMBER_OBJECT_CONVERSION = YES_AGGRESSIVE;
				CLANG_CXX_LANGUAGE_STANDARD = "gnu++20";
				CLANG_ENABLE_MODULES = YES;
				CLANG_ENABLE_OBJC_ARC = YES;
				CLANG_ENABLE_OBJC_WEAK = YES;
				CLANG_WARN_BLOCK_CAPTURE_AUTORELEASING = YES;
				CLANG_WARN_BOOL_CONVERSION = YES;
				CLANG_WARN_COMMA = YES;
				CLANG_WARN_CONSTANT_CONVERSION = YES;
				CLANG_WARN_DEPRECATED_OBJC_IMPLEMENTATIONS = YES;
				CLANG_WARN_DIRECT_OBJC_ISA_USAGE = YES_ERROR;
				CLANG_WARN_DOCUMENTATION_COMMENTS = YES;
				CLANG_WARN_EMPTY_BODY = YES;
				CLANG_WARN_ENUM_CONVERSION = YES;
				CLANG_WARN_INFINITE_RECURSION = YES;
				CLANG_WARN_INT_CONVERSION = YES;
				CLANG_WARN_NON_LITERAL_NULL_CONVERSION = YES;
				CLANG_WARN_OBJC_IMPLICIT_RETAIN_SELF = YES;
				CLANG_WARN_OBJC_LITERAL_CONVERSION = YES;
				CLANG_WARN_OBJC_ROOT_CLASS = YES_ERROR;
				CLANG_WARN_QUOTED_INCLUDE_IN_FRAMEWORK_HEADER = YES;
				CLANG_WARN_RANGE_LOOP_ANALYSIS = YES;
				CLANG_WARN_STRICT_PROTOTYPES = YES;
				CLANG_WARN_SUSPICIOUS_MOVE = YES;
				CLANG_WARN_UNGUARDED_AVAILABILITY = YES_AGGRESSIVE;
				CLANG_WARN_UNREACHABLE_CODE = YES;
				CLANG_WARN__DUPLICATE_METHOD_MATCH = YES;
				COPY_PHASE_STRIP = NO;
				DEBUG_INFORMATION_FORMAT = "dwarf-with-dsym";
				ENABLE_NS_ASSERTIONS = NO;
				ENABLE_STRICT_OBJC_MSGSEND = YES;
				ENABLE_USER_SCRIPT_SANDBOXING = YES;
				GCC_C_LANGUAGE_STANDARD = gnu11;
				GCC_NO_COMMON_BLOCKS = YES;
				GCC_WARN_64_TO_32_BIT_CONVERSION = YES;
				GCC_WARN_ABOUT_RETURN_TYPE = YES_ERROR;
				GCC_WARN_UNDECLARED_SELECTOR = YES;
				GCC_WARN_UNINITIALIZED_AUTOS = YES_AGGRESSIVE;
				GCC_WARN_UNUSED_FUNCTION = YES;
				GCC_WARN_UNUSED_VARIABLE = YES;
				IPHONEOS_DEPLOYMENT_TARGET = 16.4;
				MTL_ENABLE_DEBUG_INFO = NO;
				MTL_FAST_MATH = YES;
				SDKROOT = iphoneos;
				SWIFT_COMPILATION_MODE = wholemodule;
				SWIFT_OPTIMIZATION_LEVEL = "-O";
				VALIDATE_PRODUCT = YES;
			};
			name = Release;
		};
		78B5EF472ACCA46A00A8B985 /* Debug */ = {
			isa = XCBuildConfiguration;
			buildSettings = {
				ASSETCATALOG_COMPILER_APPICON_NAME = AppIcon;
				ASSETCATALOG_COMPILER_GLOBAL_ACCENT_COLOR_NAME = AccentColor;
				CODE_SIGN_STYLE = Automatic;
				CURRENT_PROJECT_VERSION = 1;
				DEVELOPMENT_ASSET_PATHS = "\"CheapSkate/Preview Content\"";
				DEVELOPMENT_TEAM = R7GLS25D2G;
				ENABLE_PREVIEWS = YES;
				GENERATE_INFOPLIST_FILE = YES;
				INFOPLIST_KEY_UIApplicationSceneManifest_Generation = YES;
				INFOPLIST_KEY_UIApplicationSupportsIndirectInputEvents = YES;
				INFOPLIST_KEY_UILaunchScreen_Generation = YES;
				INFOPLIST_KEY_UISupportedInterfaceOrientations_iPad = "UIInterfaceOrientationPortrait UIInterfaceOrientationPortraitUpsideDown UIInterfaceOrientationLandscapeLeft UIInterfaceOrientationLandscapeRight";
				INFOPLIST_KEY_UISupportedInterfaceOrientations_iPhone = "UIInterfaceOrientationPortrait UIInterfaceOrientationLandscapeLeft UIInterfaceOrientationLandscapeRight";
				LD_RUNPATH_SEARCH_PATHS = (
					"$(inherited)",
					"@executable_path/Frameworks",
				);
				MARKETING_VERSION = 1.0;
				PRODUCT_BUNDLE_IDENTIFIER = com.IsaacBoothe.CheapSkate;
				PRODUCT_NAME = "$(TARGET_NAME)";
				SWIFT_EMIT_LOC_STRINGS = YES;
				SWIFT_VERSION = 5.0;
				TARGETED_DEVICE_FAMILY = "1,2";
			};
			name = Debug;
		};
		78B5EF482ACCA46A00A8B985 /* Release */ = {
			isa = XCBuildConfiguration;
			buildSettings = {
				ASSETCATALOG_COMPILER_APPICON_NAME = AppIcon;
				ASSETCATALOG_COMPILER_GLOBAL_ACCENT_COLOR_NAME = AccentColor;
				CODE_SIGN_STYLE = Automatic;
				CURRENT_PROJECT_VERSION = 1;
				DEVELOPMENT_ASSET_PATHS = "\"CheapSkate/Preview Content\"";
				DEVELOPMENT_TEAM = R7GLS25D2G;
				ENABLE_PREVIEWS = YES;
				GENERATE_INFOPLIST_FILE = YES;
				INFOPLIST_KEY_UIApplicationSceneManifest_Generation = YES;
				INFOPLIST_KEY_UIApplicationSupportsIndirectInputEvents = YES;
				INFOPLIST_KEY_UILaunchScreen_Generation = YES;
				INFOPLIST_KEY_UISupportedInterfaceOrientations_iPad = "UIInterfaceOrientationPortrait UIInterfaceOrientationPortraitUpsideDown UIInterfaceOrientationLandscapeLeft UIInterfaceOrientationLandscapeRight";
				INFOPLIST_KEY_UISupportedInterfaceOrientations_iPhone = "UIInterfaceOrientationPortrait UIInterfaceOrientationLandscapeLeft UIInterfaceOrientationLandscapeRight";
				LD_RUNPATH_SEARCH_PATHS = (
					"$(inherited)",
					"@executable_path/Frameworks",
				);
				MARKETING_VERSION = 1.0;
				PRODUCT_BUNDLE_IDENTIFIER = com.IsaacBoothe.CheapSkate;
				PRODUCT_NAME = "$(TARGET_NAME)";
				SWIFT_EMIT_LOC_STRINGS = YES;
				SWIFT_VERSION = 5.0;
				TARGETED_DEVICE_FAMILY = "1,2";
			};
			name = Release;
		};
/* End XCBuildConfiguration section */

/* Begin XCConfigurationList section */
		78B5EF332ACCA46800A8B985 /* Build configuration list for PBXProject "CheapSkate" */ = {
			isa = XCConfigurationList;
			buildConfigurations = (
				78B5EF442ACCA46A00A8B985 /* Debug */,
				78B5EF452ACCA46A00A8B985 /* Release */,
			);
			defaultConfigurationIsVisible = 0;
			defaultConfigurationName = Release;
		};
		78B5EF462ACCA46A00A8B985 /* Build configuration list for PBXNativeTarget "CheapSkate" */ = {
			isa = XCConfigurationList;
			buildConfigurations = (
				78B5EF472ACCA46A00A8B985 /* Debug */,
				78B5EF482ACCA46A00A8B985 /* Release */,
			);
			defaultConfigurationIsVisible = 0;
			defaultConfigurationName = Release;
		};
/* End XCConfigurationList section */

/* Begin XCRemoteSwiftPackageReference section */
		78B74A9A2AD65550007DC567 /* XCRemoteSwiftPackageReference "firebase-ios-sdk" */ = {
			isa = XCRemoteSwiftPackageReference;
			repositoryURL = "https://github.com/firebase/firebase-ios-sdk.git";
			requirement = {
				kind = upToNextMajorVersion;
				minimumVersion = 10.0.0;
			};
		};
/* End XCRemoteSwiftPackageReference section */

/* Begin XCSwiftPackageProductDependency section */
		78B74A9B2AD65550007DC567 /* FirebaseAnalytics */ = {
			isa = XCSwiftPackageProductDependency;
			package = 78B74A9A2AD65550007DC567 /* XCRemoteSwiftPackageReference "firebase-ios-sdk" */;
			productName = FirebaseAnalytics;
		};
		78B74A9D2AD65550007DC567 /* FirebaseAnalyticsSwift */ = {
			isa = XCSwiftPackageProductDependency;
			package = 78B74A9A2AD65550007DC567 /* XCRemoteSwiftPackageReference "firebase-ios-sdk" */;
			productName = FirebaseAnalyticsSwift;
		};
		78B74A9F2AD65550007DC567 /* FirebaseAuth */ = {
			isa = XCSwiftPackageProductDependency;
			package = 78B74A9A2AD65550007DC567 /* XCRemoteSwiftPackageReference "firebase-ios-sdk" */;
			productName = FirebaseAuth;
		};
		78B74AA12AD65550007DC567 /* FirebaseFirestore */ = {
			isa = XCSwiftPackageProductDependency;
			package = 78B74A9A2AD65550007DC567 /* XCRemoteSwiftPackageReference "firebase-ios-sdk" */;
			productName = FirebaseFirestore;
		};
/* End XCSwiftPackageProductDependency section */
	};
	rootObject = 78B5EF302ACCA46800A8B985 /* Project object */;
}
